
Microsoft Visual Studio Solution File, Format Version 12.00
# Visual Studio Version 17
VisualStudioVersion = 17.11.35312.102
MinimumVisualStudioVersion = 10.0.40219.1
Project("{9A19103F-16F7-4668-BE54-9A1E7A4F7556}") = "StatsForm", "StatsForm\StatsForm.csproj", "{DF04B6A3-ACDB-4FAE-9E94-29AF86081662}"
EndProject
Global
	GlobalSection(SolutionConfigurationPlatforms) = preSolution
		Debug|Any CPU = Debug|Any CPU
		Debug|x64 = Debug|x64
		Release|Any CPU = Release|Any CPU
		Release|x64 = Release|x64
	EndGlobalSection
	GlobalSection(ProjectConfigurationPlatforms) = postSolution
		{DF04B6A3-ACDB-4FAE-9E94-29AF86081662}.Debug|Any CPU.ActiveCfg = Debug|Any CPU
		{DF04B6A3-ACDB-4FAE-9E94-29AF86081662}.Debug|Any CPU.Build.0 = Debug|Any CPU
		{DF04B6A3-ACDB-4FAE-9E94-29AF86081662}.Debug|x64.ActiveCfg = Debug|x64
		{DF04B6A3-ACDB-4FAE-9E94-29AF86081662}.Debug|x64.Build.0 = Debug|x64
		{DF04B6A3-ACDB-4FAE-9E94-29AF86081662}.Release|Any CPU.ActiveCfg = Release|Any CPU
		{DF04B6A3-ACDB-4FAE-9E94-29AF86081662}.Release|Any CPU.Build.0 = Release|Any CPU
		{DF04B6A3-ACDB-4FAE-9E94-29AF86081662}.Release|x64.ActiveCfg = Release|x64
		{DF04B6A3-ACDB-4FAE-9E94-29AF86081662}.Release|x64.Build.0 = Release|x64
	EndGlobalSection
	GlobalSection(SolutionProperties) = preSolution
		HideSolutionNode = FALSE
	EndGlobalSection
	GlobalSection(ExtensibilityGlobals) = postSolution
		SolutionGuid = {E1912ED7-374D-4997-B437-DF4A1FCD4FDC}
	EndGlobalSection
EndGlobal
