
Microsoft Visual Studio Solution File, Format Version 12.00
# Visual Studio Version 17
VisualStudioVersion = 17.11.35312.102
MinimumVisualStudioVersion = 10.0.40219.1
Project("{FAE04EC0-301F-11D3-BF4B-00C04F79EFBC}") = "SupplierForm", "SupplierForm\SupplierForm.csproj", "{DD6EBFD1-1014-4EBB-B46B-0E87C013489E}"
EndProject
Global
	GlobalSection(SolutionConfigurationPlatforms) = preSolution
		Debug|Any CPU = Debug|Any CPU
		Release|Any CPU = Release|Any CPU
	EndGlobalSection
	GlobalSection(ProjectConfigurationPlatforms) = postSolution
		{DD6EBFD1-1014-4EBB-B46B-0E87C013489E}.Debug|Any CPU.ActiveCfg = Debug|Any CPU
		{DD6EBFD1-1014-4EBB-B46B-0E87C013489E}.Debug|Any CPU.Build.0 = Debug|Any CPU
		{DD6EBFD1-1014-4EBB-B46B-0E87C013489E}.Release|Any CPU.ActiveCfg = Release|Any CPU
		{DD6EBFD1-1014-4EBB-B46B-0E87C013489E}.Release|Any CPU.Build.0 = Release|Any CPU
	EndGlobalSection
	GlobalSection(SolutionProperties) = preSolution
		HideSolutionNode = FALSE
	EndGlobalSection
	GlobalSection(ExtensibilityGlobals) = postSolution
		SolutionGuid = {692015F7-07B5-41C8-B315-9072AEC53361}
	EndGlobalSection
EndGlobal
