
Microsoft Visual Studio Solution File, Format Version 12.00
# Visual Studio Version 17
VisualStudioVersion = 17.11.35312.102
MinimumVisualStudioVersion = 10.0.40219.1
Project("{9A19103F-16F7-4668-BE54-9A1E7A4F7556}") = "SupplierForm", "SupplierForm\SupplierForm.csproj", "{DD6EBFD1-1014-4EBB-B46B-0E87C013489E}"
EndProject
Global
	GlobalSection(SolutionConfigurationPlatforms) = preSolution
		Debug|Any CPU = Debug|Any CPU
		Debug|x64 = Debug|x64
		Release|Any CPU = Release|Any CPU
		Release|x64 = Release|x64
	EndGlobalSection
	GlobalSection(ProjectConfigurationPlatforms) = postSolution
		{DD6EBFD1-1014-4EBB-B46B-0E87C013489E}.Debug|Any CPU.ActiveCfg = Debug|Any CPU
		{DD6EBFD1-1014-4EBB-B46B-0E87C013489E}.Debug|Any CPU.Build.0 = Debug|Any CPU
		{DD6EBFD1-1014-4EBB-B46B-0E87C013489E}.Debug|x64.ActiveCfg = Debug|x64
		{DD6EBFD1-1014-4EBB-B46B-0E87C013489E}.Debug|x64.Build.0 = Debug|x64
		{DD6EBFD1-1014-4EBB-B46B-0E87C013489E}.Release|Any CPU.ActiveCfg = Release|Any CPU
		{DD6EBFD1-1014-4EBB-B46B-0E87C013489E}.Release|Any CPU.Build.0 = Release|Any CPU
		{DD6EBFD1-1014-4EBB-B46B-0E87C013489E}.Release|x64.ActiveCfg = Release|x64
		{DD6EBFD1-1014-4EBB-B46B-0E87C013489E}.Release|x64.Build.0 = Release|x64
	EndGlobalSection
	GlobalSection(SolutionProperties) = preSolution
		HideSolutionNode = FALSE
	EndGlobalSection
	GlobalSection(ExtensibilityGlobals) = postSolution
		SolutionGuid = {692015F7-07B5-41C8-B315-9072AEC53361}
	EndGlobalSection
EndGlobal
